<?xml version="1.0" encoding="utf-8"?>
<Project ToolsVersion="4.0" xmlns="http://schemas.microsoft.com/developer/msbuild/2003">
  <ItemGroup>
    <Filter Include="Source Files">
      <UniqueIdentifier>{4FC737F1-C7A5-4376-A066-2A32D752A2FF}</UniqueIdentifier>
      <Extensions>cpp;c;cc;cxx;def;odl;idl;hpj;bat;asm;asmx</Extensions>
    </Filter>
    <Filter Include="Header Files">
      <UniqueIdentifier>{93995380-89BD-4b04-88EB-625FBE52EBFB}</UniqueIdentifier>
      <Extensions>h;hh;hpp;hxx;hm;inl;inc;ipp;xsd</Extensions>
    </Filter>
    <Filter Include="Resource Files">
      <UniqueIdentifier>{67DA6AB6-F800-4c08-8B7A-83BB121AAD01}</UniqueIdentifier>
      <Extensions>rc;ico;cur;bmp;dlg;rc2;rct;bin;rgs;gif;jpg;jpeg;jpe;resx;tiff;tif;png;wav;mfcribbon-ms</Extensions>
    </Filter>
  </ItemGroup>
  <ItemGroup>
    <ClCompile Include="main.cpp">
      <Filter>Source Files</Filter>
    </ClCompile>
  </ItemGroup>
  <ItemGroup>
    <Text Include="ans41.txt">
      <Filter>Source Files</Filter>
    </Text>
    <Text Include="ans42.txt">
      <Filter>Source Files</Filter>
    </Text>
    <Text Include="ans43.txt">
      <Filter>Source Files</Filter>
    </Text>
    <Text Include="input41.txt">
      <Filter>Source Files</Filter>
    </Text>
    <Text Include="input42.txt">
      <Filter>Source Files</Filter>
    </Text>
    <Text Include="input43.txt">
      <Filter>Source Files</Filter>
    </Text>
    <Text Include="output41.txt">
      <Filter>Source Files</Filter>
    </Text>
    <Text Include="output42.txt">
      <Filter>Source Files</Filter>
    </Text>
    <Text Include="output43.txt">
      <Filter>Source Files</Filter>
    </Text>
    <Text Include="ans44.txt">
      <Filter>Source Files</Filter>
    </Text>
    <Text Include="ans45.txt">
      <Filter>Source Files</Filter>
    </Text>
    <Text Include="ans46.txt">
      <Filter>Source Files</Filter>
    </Text>
    <Text Include="ans47.txt">
      <Filter>Source Files</Filter>
    </Text>
    <Text Include="ans48.txt">
      <Filter>Source Files</Filter>
    </Text>
    <Text Include="ans49.txt">
      <Filter>Source Files</Filter>
    </Text>
    <Text Include="input44.txt">
      <Filter>Source Files</Filter>
    </Text>
    <Text Include="input45.txt">
      <Filter>Source Files</Filter>
    </Text>
    <Text Include="input46.txt">
      <Filter>Source Files</Filter>
    </Text>
    <Text Include="input47.txt">
      <Filter>Source Files</Filter>
    </Text>
    <Text Include="input48.txt">
      <Filter>Source Files</Filter>
    </Text>
    <Text Include="input49.txt">
      <Filter>Source Files</Filter>
    </Text>
    <Text Include="output44.txt">
      <Filter>Source Files</Filter>
    </Text>
    <Text Include="output45.txt">
      <Filter>Source Files</Filter>
    </Text>
    <Text Include="output46.txt">
      <Filter>Source Files</Filter>
    </Text>
    <Text Include="output47.txt">
      <Filter>Source Files</Filter>
    </Text>
    <Text Include="output48.txt">
      <Filter>Source Files</Filter>
    </Text>
    <Text Include="output49.txt">
      <Filter>Source Files</Filter>
    </Text>
  </ItemGroup>
  <ItemGroup>
    <ClInclude Include="ArgumentManager.h">
      <Filter>Header Files</Filter>
    </ClInclude>
  </ItemGroup>
</Project>